
Microsoft Visual Studio Solution File, Format Version 12.00
# Visual Studio 2012
Project("{FAE04EC0-301F-11D3-BF4B-00C04F79EFBC}") = "AmiNew", "AmiNew\AmiNew.csproj", "{0597EFE4-2BA1-43E7-90AA-C9C0517CF257}"
EndProject
Global
	GlobalSection(SolutionConfigurationPlatforms) = preSolution
		Debug|Any CPU = Debug|Any CPU
		Release|Any CPU = Release|Any CPU
	EndGlobalSection
	GlobalSection(ProjectConfigurationPlatforms) = postSolution
		{0597EFE4-2BA1-43E7-90AA-C9C0517CF257}.Debug|Any CPU.ActiveCfg = Debug|Any CPU
		{0597EFE4-2BA1-43E7-90AA-C9C0517CF257}.Debug|Any CPU.Build.0 = Debug|Any CPU
		{0597EFE4-2BA1-43E7-90AA-C9C0517CF257}.Release|Any CPU.ActiveCfg = Release|Any CPU
		{0597EFE4-2BA1-43E7-90AA-C9C0517CF257}.Release|Any CPU.Build.0 = Release|Any CPU
	EndGlobalSection
	GlobalSection(SolutionProperties) = preSolution
		HideSolutionNode = FALSE
	EndGlobalSection
EndGlobal
